// !$*UTF8*$!
{
	archiveVersion = 1;
	classes = {
	};
	objectVersion = 56;
	objects = {

/* Begin PBXBuildFile section */
		71AFBD7A84BFF8E254CD12C1 /* Pods_RxFilm.framework in Frameworks */ = {isa = PBXBuildFile; fileRef = A2D2120FD160D7BB309D3F95 /* Pods_RxFilm.framework */; };
		775EF224FEA4708367AA54EE /* Pods_RxFilmTests.framework in Frameworks */ = {isa = PBXBuildFile; fileRef = 83CFFBEAAE03C42A64E9D493 /* Pods_RxFilmTests.framework */; };
		A51831F52C045F8B00974B16 /* DiscoverCollectionViewCell.swift in Sources */ = {isa = PBXBuildFile; fileRef = A51831F42C045F8B00974B16 /* DiscoverCollectionViewCell.swift */; };
		A53477532C27391F000DD81E /* APIService.swift in Sources */ = {isa = PBXBuildFile; fileRef = A53477522C27391F000DD81E /* APIService.swift */; };
		A53477552C27392A000DD81E /* MovieList.swift in Sources */ = {isa = PBXBuildFile; fileRef = A53477542C27392A000DD81E /* MovieList.swift */; };
		A53477572C273935000DD81E /* MovieFront.swift in Sources */ = {isa = PBXBuildFile; fileRef = A53477562C273935000DD81E /* MovieFront.swift */; };
		A534776B2C2A1180000DD81E /* ChartViewModel.swift in Sources */ = {isa = PBXBuildFile; fileRef = A534776A2C2A1180000DD81E /* ChartViewModel.swift */; };
		A53477712C2A1202000DD81E /* DiscoverViewModel.swift in Sources */ = {isa = PBXBuildFile; fileRef = A53477702C2A1202000DD81E /* DiscoverViewModel.swift */; };
		A53F86CD2C026502002BBEA5 /* DiscoverViewController.swift in Sources */ = {isa = PBXBuildFile; fileRef = A53F86CC2C026502002BBEA5 /* DiscoverViewController.swift */; };
		A53F86D12C0265A3002BBEA5 /* DiscoverCollectionHeaderView.swift in Sources */ = {isa = PBXBuildFile; fileRef = A53F86D02C0265A3002BBEA5 /* DiscoverCollectionHeaderView.swift */; };
		A54C8CFE2C305101005826FD /* APIKey.swift in Sources */ = {isa = PBXBuildFile; fileRef = A54C8CFD2C305101005826FD /* APIKey.swift */; };
		A5A1203F2C1253830045F4C3 /* MainTabBarController.swift in Sources */ = {isa = PBXBuildFile; fileRef = A5A1203E2C1253830045F4C3 /* MainTabBarController.swift */; };
		A5A120412C1254630045F4C3 /* ChartViewController.swift in Sources */ = {isa = PBXBuildFile; fileRef = A5A120402C1254630045F4C3 /* ChartViewController.swift */; };
		A5A120452C14BCF90045F4C3 /* ChartTableViewCell.swift in Sources */ = {isa = PBXBuildFile; fileRef = A5A120442C14BCF90045F4C3 /* ChartTableViewCell.swift */; };
		A5A120482C14CAF30045F4C3 /* CreditViewController.swift in Sources */ = {isa = PBXBuildFile; fileRef = A5A120472C14CAF30045F4C3 /* CreditViewController.swift */; };
		A5D8AAEF2BFE40A8002F007F /* AppDelegate.swift in Sources */ = {isa = PBXBuildFile; fileRef = A5D8AAEE2BFE40A8002F007F /* AppDelegate.swift */; };
		A5D8AAF12BFE40A8002F007F /* SceneDelegate.swift in Sources */ = {isa = PBXBuildFile; fileRef = A5D8AAF02BFE40A8002F007F /* SceneDelegate.swift */; };
		A5D8AAF62BFE40A8002F007F /* Base in Resources */ = {isa = PBXBuildFile; fileRef = A5D8AAF52BFE40A8002F007F /* Base */; };
		A5D8AAF82BFE40AA002F007F /* Assets.xcassets in Resources */ = {isa = PBXBuildFile; fileRef = A5D8AAF72BFE40AA002F007F /* Assets.xcassets */; };
		A5D8AAFB2BFE40AA002F007F /* Base in Resources */ = {isa = PBXBuildFile; fileRef = A5D8AAFA2BFE40AA002F007F /* Base */; };
		A5D8AB062BFE40AA002F007F /* RxFilmTests.swift in Sources */ = {isa = PBXBuildFile; fileRef = A5D8AB052BFE40AA002F007F /* RxFilmTests.swift */; };
		A5D8AB102BFE40AA002F007F /* RxFilmUITests.swift in Sources */ = {isa = PBXBuildFile; fileRef = A5D8AB0F2BFE40AA002F007F /* RxFilmUITests.swift */; };
		A5D8AB122BFE40AA002F007F /* RxFilmUITestsLaunchTests.swift in Sources */ = {isa = PBXBuildFile; fileRef = A5D8AB112BFE40AA002F007F /* RxFilmUITestsLaunchTests.swift */; };
		A5D8AB212C000EA7002F007F /* Constant.swift in Sources */ = {isa = PBXBuildFile; fileRef = A5D8AB202C000EA7002F007F /* Constant.swift */; };
		F806E73FD69BEF5A4E166282 /* Pods_RxFilm_RxFilmUITests.framework in Frameworks */ = {isa = PBXBuildFile; fileRef = A0BD9272F200B22B1FF52AE3 /* Pods_RxFilm_RxFilmUITests.framework */; };
/* End PBXBuildFile section */

/* Begin PBXContainerItemProxy section */
		A5D8AB022BFE40AA002F007F /* PBXContainerItemProxy */ = {
			isa = PBXContainerItemProxy;
			containerPortal = A5D8AAE32BFE40A8002F007F /* Project object */;
			proxyType = 1;
			remoteGlobalIDString = A5D8AAEA2BFE40A8002F007F;
			remoteInfo = RxFilm;
		};
		A5D8AB0C2BFE40AA002F007F /* PBXContainerItemProxy */ = {
			isa = PBXContainerItemProxy;
			containerPortal = A5D8AAE32BFE40A8002F007F /* Project object */;
			proxyType = 1;
			remoteGlobalIDString = A5D8AAEA2BFE40A8002F007F;
			remoteInfo = RxFilm;
		};
/* End PBXContainerItemProxy section */

/* Begin PBXFileReference section */
		3A0A0EBC1B282AE5F8B240B6 /* Pods-RxFilm.debug.xcconfig */ = {isa = PBXFileReference; includeInIndex = 1; lastKnownFileType = text.xcconfig; name = "Pods-RxFilm.debug.xcconfig"; path = "Target Support Files/Pods-RxFilm/Pods-RxFilm.debug.xcconfig"; sourceTree = "<group>"; };
		83CFFBEAAE03C42A64E9D493 /* Pods_RxFilmTests.framework */ = {isa = PBXFileReference; explicitFileType = wrapper.framework; includeInIndex = 0; path = Pods_RxFilmTests.framework; sourceTree = BUILT_PRODUCTS_DIR; };
		A0BD9272F200B22B1FF52AE3 /* Pods_RxFilm_RxFilmUITests.framework */ = {isa = PBXFileReference; explicitFileType = wrapper.framework; includeInIndex = 0; path = Pods_RxFilm_RxFilmUITests.framework; sourceTree = BUILT_PRODUCTS_DIR; };
		A2D2120FD160D7BB309D3F95 /* Pods_RxFilm.framework */ = {isa = PBXFileReference; explicitFileType = wrapper.framework; includeInIndex = 0; path = Pods_RxFilm.framework; sourceTree = BUILT_PRODUCTS_DIR; };
		A51831F42C045F8B00974B16 /* DiscoverCollectionViewCell.swift */ = {isa = PBXFileReference; lastKnownFileType = sourcecode.swift; path = DiscoverCollectionViewCell.swift; sourceTree = "<group>"; };
		A53477522C27391F000DD81E /* APIService.swift */ = {isa = PBXFileReference; lastKnownFileType = sourcecode.swift; path = APIService.swift; sourceTree = "<group>"; };
		A53477542C27392A000DD81E /* MovieList.swift */ = {isa = PBXFileReference; lastKnownFileType = sourcecode.swift; path = MovieList.swift; sourceTree = "<group>"; };
		A53477562C273935000DD81E /* MovieFront.swift */ = {isa = PBXFileReference; lastKnownFileType = sourcecode.swift; path = MovieFront.swift; sourceTree = "<group>"; };
		A534776A2C2A1180000DD81E /* ChartViewModel.swift */ = {isa = PBXFileReference; lastKnownFileType = sourcecode.swift; path = ChartViewModel.swift; sourceTree = "<group>"; };
		A53477702C2A1202000DD81E /* DiscoverViewModel.swift */ = {isa = PBXFileReference; lastKnownFileType = sourcecode.swift; path = DiscoverViewModel.swift; sourceTree = "<group>"; };
		A53F86CC2C026502002BBEA5 /* DiscoverViewController.swift */ = {isa = PBXFileReference; lastKnownFileType = sourcecode.swift; path = DiscoverViewController.swift; sourceTree = "<group>"; };
		A53F86D02C0265A3002BBEA5 /* DiscoverCollectionHeaderView.swift */ = {isa = PBXFileReference; lastKnownFileType = sourcecode.swift; path = DiscoverCollectionHeaderView.swift; sourceTree = "<group>"; };
		A54C8CFD2C305101005826FD /* APIKey.swift */ = {isa = PBXFileReference; lastKnownFileType = sourcecode.swift; path = APIKey.swift; sourceTree = "<group>"; };
		A5A1203E2C1253830045F4C3 /* MainTabBarController.swift */ = {isa = PBXFileReference; lastKnownFileType = sourcecode.swift; path = MainTabBarController.swift; sourceTree = "<group>"; };
		A5A120402C1254630045F4C3 /* ChartViewController.swift */ = {isa = PBXFileReference; lastKnownFileType = sourcecode.swift; path = ChartViewController.swift; sourceTree = "<group>"; };
		A5A120442C14BCF90045F4C3 /* ChartTableViewCell.swift */ = {isa = PBXFileReference; lastKnownFileType = sourcecode.swift; path = ChartTableViewCell.swift; sourceTree = "<group>"; };
		A5A120472C14CAF30045F4C3 /* CreditViewController.swift */ = {isa = PBXFileReference; lastKnownFileType = sourcecode.swift; path = CreditViewController.swift; sourceTree = "<group>"; };
		A5D8AAEB2BFE40A8002F007F /* RxFilm.app */ = {isa = PBXFileReference; explicitFileType = wrapper.application; includeInIndex = 0; path = RxFilm.app; sourceTree = BUILT_PRODUCTS_DIR; };
		A5D8AAEE2BFE40A8002F007F /* AppDelegate.swift */ = {isa = PBXFileReference; lastKnownFileType = sourcecode.swift; path = AppDelegate.swift; sourceTree = "<group>"; };
		A5D8AAF02BFE40A8002F007F /* SceneDelegate.swift */ = {isa = PBXFileReference; lastKnownFileType = sourcecode.swift; path = SceneDelegate.swift; sourceTree = "<group>"; };
		A5D8AAF52BFE40A8002F007F /* Base */ = {isa = PBXFileReference; lastKnownFileType = file.storyboard; name = Base; path = Base.lproj/Main.storyboard; sourceTree = "<group>"; };
		A5D8AAF72BFE40AA002F007F /* Assets.xcassets */ = {isa = PBXFileReference; lastKnownFileType = folder.assetcatalog; path = Assets.xcassets; sourceTree = "<group>"; };
		A5D8AAFA2BFE40AA002F007F /* Base */ = {isa = PBXFileReference; lastKnownFileType = file.storyboard; name = Base; path = Base.lproj/LaunchScreen.storyboard; sourceTree = "<group>"; };
		A5D8AAFC2BFE40AA002F007F /* Info.plist */ = {isa = PBXFileReference; lastKnownFileType = text.plist.xml; path = Info.plist; sourceTree = "<group>"; };
		A5D8AB012BFE40AA002F007F /* RxFilmTests.xctest */ = {isa = PBXFileReference; explicitFileType = wrapper.cfbundle; includeInIndex = 0; path = RxFilmTests.xctest; sourceTree = BUILT_PRODUCTS_DIR; };
		A5D8AB052BFE40AA002F007F /* RxFilmTests.swift */ = {isa = PBXFileReference; lastKnownFileType = sourcecode.swift; path = RxFilmTests.swift; sourceTree = "<group>"; };
		A5D8AB0B2BFE40AA002F007F /* RxFilmUITests.xctest */ = {isa = PBXFileReference; explicitFileType = wrapper.cfbundle; includeInIndex = 0; path = RxFilmUITests.xctest; sourceTree = BUILT_PRODUCTS_DIR; };
		A5D8AB0F2BFE40AA002F007F /* RxFilmUITests.swift */ = {isa = PBXFileReference; lastKnownFileType = sourcecode.swift; path = RxFilmUITests.swift; sourceTree = "<group>"; };
		A5D8AB112BFE40AA002F007F /* RxFilmUITestsLaunchTests.swift */ = {isa = PBXFileReference; lastKnownFileType = sourcecode.swift; path = RxFilmUITestsLaunchTests.swift; sourceTree = "<group>"; };
		A5D8AB202C000EA7002F007F /* Constant.swift */ = {isa = PBXFileReference; lastKnownFileType = sourcecode.swift; path = Constant.swift; sourceTree = "<group>"; };
		BFF1487802DAFB0E68B0A5DC /* Pods-RxFilmTests.debug.xcconfig */ = {isa = PBXFileReference; includeInIndex = 1; lastKnownFileType = text.xcconfig; name = "Pods-RxFilmTests.debug.xcconfig"; path = "Target Support Files/Pods-RxFilmTests/Pods-RxFilmTests.debug.xcconfig"; sourceTree = "<group>"; };
		C87C46DA89BF1EF10BCB34F9 /* Pods-RxFilm.release.xcconfig */ = {isa = PBXFileReference; includeInIndex = 1; lastKnownFileType = text.xcconfig; name = "Pods-RxFilm.release.xcconfig"; path = "Target Support Files/Pods-RxFilm/Pods-RxFilm.release.xcconfig"; sourceTree = "<group>"; };
		CD80A3957909D81DA63BD1BC /* Pods-RxFilm-RxFilmUITests.release.xcconfig */ = {isa = PBXFileReference; includeInIndex = 1; lastKnownFileType = text.xcconfig; name = "Pods-RxFilm-RxFilmUITests.release.xcconfig"; path = "Target Support Files/Pods-RxFilm-RxFilmUITests/Pods-RxFilm-RxFilmUITests.release.xcconfig"; sourceTree = "<group>"; };
		ECE8F0C3DFA0C9ABD3328535 /* Pods-RxFilm-RxFilmUITests.debug.xcconfig */ = {isa = PBXFileReference; includeInIndex = 1; lastKnownFileType = text.xcconfig; name = "Pods-RxFilm-RxFilmUITests.debug.xcconfig"; path = "Target Support Files/Pods-RxFilm-RxFilmUITests/Pods-RxFilm-RxFilmUITests.debug.xcconfig"; sourceTree = "<group>"; };
		FE25EB45A8A120DB535343DC /* Pods-RxFilmTests.release.xcconfig */ = {isa = PBXFileReference; includeInIndex = 1; lastKnownFileType = text.xcconfig; name = "Pods-RxFilmTests.release.xcconfig"; path = "Target Support Files/Pods-RxFilmTests/Pods-RxFilmTests.release.xcconfig"; sourceTree = "<group>"; };
/* End PBXFileReference section */

/* Begin PBXFrameworksBuildPhase section */
		A5D8AAE82BFE40A8002F007F /* Frameworks */ = {
			isa = PBXFrameworksBuildPhase;
			buildActionMask = 2147483647;
			files = (
				71AFBD7A84BFF8E254CD12C1 /* Pods_RxFilm.framework in Frameworks */,
			);
			runOnlyForDeploymentPostprocessing = 0;
		};
		A5D8AAFE2BFE40AA002F007F /* Frameworks */ = {
			isa = PBXFrameworksBuildPhase;
			buildActionMask = 2147483647;
			files = (
				775EF224FEA4708367AA54EE /* Pods_RxFilmTests.framework in Frameworks */,
			);
			runOnlyForDeploymentPostprocessing = 0;
		};
		A5D8AB082BFE40AA002F007F /* Frameworks */ = {
			isa = PBXFrameworksBuildPhase;
			buildActionMask = 2147483647;
			files = (
				F806E73FD69BEF5A4E166282 /* Pods_RxFilm_RxFilmUITests.framework in Frameworks */,
			);
			runOnlyForDeploymentPostprocessing = 0;
		};
/* End PBXFrameworksBuildPhase section */

/* Begin PBXGroup section */
		A534774F2C2738FC000DD81E /* Domain */ = {
			isa = PBXGroup;
			children = (
				A53477512C27390C000DD81E /* Service */,
				A53477502C273904000DD81E /* Model */,
			);
			path = Domain;
			sourceTree = "<group>";
		};
		A53477502C273904000DD81E /* Model */ = {
			isa = PBXGroup;
			children = (
				A53477542C27392A000DD81E /* MovieList.swift */,
				A53477562C273935000DD81E /* MovieFront.swift */,
			);
			path = Model;
			sourceTree = "<group>";
		};
		A53477512C27390C000DD81E /* Service */ = {
			isa = PBXGroup;
			children = (
				A53477522C27391F000DD81E /* APIService.swift */,
				A54C8CFD2C305101005826FD /* APIKey.swift */,
			);
			path = Service;
			sourceTree = "<group>";
		};
		A53477682C2A115B000DD81E /* Model */ = {
			isa = PBXGroup;
			children = (
				A534776A2C2A1180000DD81E /* ChartViewModel.swift */,
			);
			path = Model;
			sourceTree = "<group>";
		};
		A53477692C2A1164000DD81E /* View */ = {
			isa = PBXGroup;
			children = (
				A5A120442C14BCF90045F4C3 /* ChartTableViewCell.swift */,
				A5A120402C1254630045F4C3 /* ChartViewController.swift */,
			);
			path = View;
			sourceTree = "<group>";
		};
		A534776C2C2A11BD000DD81E /* View */ = {
			isa = PBXGroup;
			children = (
				A53F86CC2C026502002BBEA5 /* DiscoverViewController.swift */,
				A53F86D02C0265A3002BBEA5 /* DiscoverCollectionHeaderView.swift */,
				A51831F42C045F8B00974B16 /* DiscoverCollectionViewCell.swift */,
			);
			path = View;
			sourceTree = "<group>";
		};
		A534776D2C2A11C5000DD81E /* Model */ = {
			isa = PBXGroup;
			children = (
				A53477702C2A1202000DD81E /* DiscoverViewModel.swift */,
			);
			path = Model;
			sourceTree = "<group>";
		};
		A53F86CB2C0264ED002BBEA5 /* DiscoverView */ = {
			isa = PBXGroup;
			children = (
				A534776D2C2A11C5000DD81E /* Model */,
				A534776C2C2A11BD000DD81E /* View */,
			);
			path = DiscoverView;
			sourceTree = "<group>";
		};
		A54C8CFC2C2F98F0005826FD /* Base */ = {
			isa = PBXGroup;
			children = (
				A5D8AAF42BFE40A8002F007F /* Main.storyboard */,
				A5D8AAF92BFE40AA002F007F /* LaunchScreen.storyboard */,
			);
			path = Base;
			sourceTree = "<group>";
		};
		A5A120422C14BC090045F4C3 /* ChartView */ = {
			isa = PBXGroup;
			children = (
				A53477692C2A1164000DD81E /* View */,
				A53477682C2A115B000DD81E /* Model */,
			);
			path = ChartView;
			sourceTree = "<group>";
		};
		A5A120432C14BC2B0045F4C3 /* View */ = {
			isa = PBXGroup;
			children = (
				A5A1203E2C1253830045F4C3 /* MainTabBarController.swift */,
				A53F86CB2C0264ED002BBEA5 /* DiscoverView */,
				A5A120422C14BC090045F4C3 /* ChartView */,
				A5A120462C14CADC0045F4C3 /* CreditView */,
			);
			path = View;
			sourceTree = "<group>";
		};
		A5A120462C14CADC0045F4C3 /* CreditView */ = {
			isa = PBXGroup;
			children = (
				A5A120472C14CAF30045F4C3 /* CreditViewController.swift */,
			);
			path = CreditView;
			sourceTree = "<group>";
		};
		A5D8AAE22BFE40A8002F007F = {
			isa = PBXGroup;
			children = (
				A5D8AAED2BFE40A8002F007F /* RxFilm */,
				A5D8AB042BFE40AA002F007F /* RxFilmTests */,
				A5D8AB0E2BFE40AA002F007F /* RxFilmUITests */,
				A5D8AAEC2BFE40A8002F007F /* Products */,
				D6FA5F831EB77F5EDCF941FA /* Pods */,
				AED1066CA6D7433D7B973AC3 /* Frameworks */,
			);
			sourceTree = "<group>";
		};
		A5D8AAEC2BFE40A8002F007F /* Products */ = {
			isa = PBXGroup;
			children = (
				A5D8AAEB2BFE40A8002F007F /* RxFilm.app */,
				A5D8AB012BFE40AA002F007F /* RxFilmTests.xctest */,
				A5D8AB0B2BFE40AA002F007F /* RxFilmUITests.xctest */,
			);
			name = Products;
			sourceTree = "<group>";
		};
		A5D8AAED2BFE40A8002F007F /* RxFilm */ = {
			isa = PBXGroup;
			children = (
				A54C8CFC2C2F98F0005826FD /* Base */,
				A534774F2C2738FC000DD81E /* Domain */,
				A5A120432C14BC2B0045F4C3 /* View */,
				A5D8AAEE2BFE40A8002F007F /* AppDelegate.swift */,
				A5D8AAF02BFE40A8002F007F /* SceneDelegate.swift */,
				A5D8AAF72BFE40AA002F007F /* Assets.xcassets */,
				A5D8AAFC2BFE40AA002F007F /* Info.plist */,
				A5D8AB202C000EA7002F007F /* Constant.swift */,
			);
			path = RxFilm;
			sourceTree = "<group>";
		};
		A5D8AB042BFE40AA002F007F /* RxFilmTests */ = {
			isa = PBXGroup;
			children = (
				A5D8AB052BFE40AA002F007F /* RxFilmTests.swift */,
			);
			path = RxFilmTests;
			sourceTree = "<group>";
		};
		A5D8AB0E2BFE40AA002F007F /* RxFilmUITests */ = {
			isa = PBXGroup;
			children = (
				A5D8AB0F2BFE40AA002F007F /* RxFilmUITests.swift */,
				A5D8AB112BFE40AA002F007F /* RxFilmUITestsLaunchTests.swift */,
			);
			path = RxFilmUITests;
			sourceTree = "<group>";
		};
		AED1066CA6D7433D7B973AC3 /* Frameworks */ = {
			isa = PBXGroup;
			children = (
				A2D2120FD160D7BB309D3F95 /* Pods_RxFilm.framework */,
				A0BD9272F200B22B1FF52AE3 /* Pods_RxFilm_RxFilmUITests.framework */,
				83CFFBEAAE03C42A64E9D493 /* Pods_RxFilmTests.framework */,
			);
			name = Frameworks;
			sourceTree = "<group>";
		};
		D6FA5F831EB77F5EDCF941FA /* Pods */ = {
			isa = PBXGroup;
			children = (
				3A0A0EBC1B282AE5F8B240B6 /* Pods-RxFilm.debug.xcconfig */,
				C87C46DA89BF1EF10BCB34F9 /* Pods-RxFilm.release.xcconfig */,
				ECE8F0C3DFA0C9ABD3328535 /* Pods-RxFilm-RxFilmUITests.debug.xcconfig */,
				CD80A3957909D81DA63BD1BC /* Pods-RxFilm-RxFilmUITests.release.xcconfig */,
				BFF1487802DAFB0E68B0A5DC /* Pods-RxFilmTests.debug.xcconfig */,
				FE25EB45A8A120DB535343DC /* Pods-RxFilmTests.release.xcconfig */,
			);
			path = Pods;
			sourceTree = "<group>";
		};
/* End PBXGroup section */

/* Begin PBXNativeTarget section */
		A5D8AAEA2BFE40A8002F007F /* RxFilm */ = {
			isa = PBXNativeTarget;
			buildConfigurationList = A5D8AB152BFE40AA002F007F /* Build configuration list for PBXNativeTarget "RxFilm" */;
			buildPhases = (
				B29381FFEED195ECD3B8306A /* [CP] Check Pods Manifest.lock */,
				A5D8AAE72BFE40A8002F007F /* Sources */,
				A5D8AAE82BFE40A8002F007F /* Frameworks */,
				A5D8AAE92BFE40A8002F007F /* Resources */,
				9072368FA5A50D3F20BBEB65 /* [CP] Embed Pods Frameworks */,
			);
			buildRules = (
			);
			dependencies = (
			);
			name = RxFilm;
			productName = RxFilm;
			productReference = A5D8AAEB2BFE40A8002F007F /* RxFilm.app */;
			productType = "com.apple.product-type.application";
		};
		A5D8AB002BFE40AA002F007F /* RxFilmTests */ = {
			isa = PBXNativeTarget;
			buildConfigurationList = A5D8AB182BFE40AA002F007F /* Build configuration list for PBXNativeTarget "RxFilmTests" */;
			buildPhases = (
				BABE546BD46755603D6A8ED7 /* [CP] Check Pods Manifest.lock */,
				A5D8AAFD2BFE40AA002F007F /* Sources */,
				A5D8AAFE2BFE40AA002F007F /* Frameworks */,
				A5D8AAFF2BFE40AA002F007F /* Resources */,
			);
			buildRules = (
			);
			dependencies = (
				A5D8AB032BFE40AA002F007F /* PBXTargetDependency */,
			);
			name = RxFilmTests;
			productName = RxFilmTests;
			productReference = A5D8AB012BFE40AA002F007F /* RxFilmTests.xctest */;
			productType = "com.apple.product-type.bundle.unit-test";
		};
		A5D8AB0A2BFE40AA002F007F /* RxFilmUITests */ = {
			isa = PBXNativeTarget;
			buildConfigurationList = A5D8AB1B2BFE40AA002F007F /* Build configuration list for PBXNativeTarget "RxFilmUITests" */;
			buildPhases = (
				B2C56960FF2FC7B709908C6D /* [CP] Check Pods Manifest.lock */,
				A5D8AB072BFE40AA002F007F /* Sources */,
				A5D8AB082BFE40AA002F007F /* Frameworks */,
				A5D8AB092BFE40AA002F007F /* Resources */,
				AFB7D93F8ABD035600986C33 /* [CP] Embed Pods Frameworks */,
			);
			buildRules = (
			);
			dependencies = (
				A5D8AB0D2BFE40AA002F007F /* PBXTargetDependency */,
			);
			name = RxFilmUITests;
			productName = RxFilmUITests;
			productReference = A5D8AB0B2BFE40AA002F007F /* RxFilmUITests.xctest */;
			productType = "com.apple.product-type.bundle.ui-testing";
		};
/* End PBXNativeTarget section */

/* Begin PBXProject section */
		A5D8AAE32BFE40A8002F007F /* Project object */ = {
			isa = PBXProject;
			attributes = {
				BuildIndependentTargetsInParallel = 1;
				LastSwiftUpdateCheck = 1530;
				LastUpgradeCheck = 1530;
				TargetAttributes = {
					A5D8AAEA2BFE40A8002F007F = {
						CreatedOnToolsVersion = 15.3;
					};
					A5D8AB002BFE40AA002F007F = {
						CreatedOnToolsVersion = 15.3;
						TestTargetID = A5D8AAEA2BFE40A8002F007F;
					};
					A5D8AB0A2BFE40AA002F007F = {
						CreatedOnToolsVersion = 15.3;
						TestTargetID = A5D8AAEA2BFE40A8002F007F;
					};
				};
			};
			buildConfigurationList = A5D8AAE62BFE40A8002F007F /* Build configuration list for PBXProject "RxFilm" */;
			compatibilityVersion = "Xcode 14.0";
			developmentRegion = en;
			hasScannedForEncodings = 0;
			knownRegions = (
				en,
				Base,
			);
			mainGroup = A5D8AAE22BFE40A8002F007F;
			productRefGroup = A5D8AAEC2BFE40A8002F007F /* Products */;
			projectDirPath = "";
			projectRoot = "";
			targets = (
				A5D8AAEA2BFE40A8002F007F /* RxFilm */,
				A5D8AB002BFE40AA002F007F /* RxFilmTests */,
				A5D8AB0A2BFE40AA002F007F /* RxFilmUITests */,
			);
		};
/* End PBXProject section */

/* Begin PBXResourcesBuildPhase section */
		A5D8AAE92BFE40A8002F007F /* Resources */ = {
			isa = PBXResourcesBuildPhase;
			buildActionMask = 2147483647;
			files = (
				A5D8AAF82BFE40AA002F007F /* Assets.xcassets in Resources */,
				A5D8AAFB2BFE40AA002F007F /* Base in Resources */,
				A5D8AAF62BFE40A8002F007F /* Base in Resources */,
			);
			runOnlyForDeploymentPostprocessing = 0;
		};
		A5D8AAFF2BFE40AA002F007F /* Resources */ = {
			isa = PBXResourcesBuildPhase;
			buildActionMask = 2147483647;
			files = (
			);
			runOnlyForDeploymentPostprocessing = 0;
		};
		A5D8AB092BFE40AA002F007F /* Resources */ = {
			isa = PBXResourcesBuildPhase;
			buildActionMask = 2147483647;
			files = (
			);
			runOnlyForDeploymentPostprocessing = 0;
		};
/* End PBXResourcesBuildPhase section */

/* Begin PBXShellScriptBuildPhase section */
		9072368FA5A50D3F20BBEB65 /* [CP] Embed Pods Frameworks */ = {
			isa = PBXShellScriptBuildPhase;
			buildActionMask = 2147483647;
			files = (
			);
			inputFileListPaths = (
				"${PODS_ROOT}/Target Support Files/Pods-RxFilm/Pods-RxFilm-frameworks-${CONFIGURATION}-input-files.xcfilelist",
			);
			name = "[CP] Embed Pods Frameworks";
			outputFileListPaths = (
				"${PODS_ROOT}/Target Support Files/Pods-RxFilm/Pods-RxFilm-frameworks-${CONFIGURATION}-output-files.xcfilelist",
			);
			runOnlyForDeploymentPostprocessing = 0;
			shellPath = /bin/sh;
			shellScript = "\"${PODS_ROOT}/Target Support Files/Pods-RxFilm/Pods-RxFilm-frameworks.sh\"\n";
			showEnvVarsInLog = 0;
		};
		AFB7D93F8ABD035600986C33 /* [CP] Embed Pods Frameworks */ = {
			isa = PBXShellScriptBuildPhase;
			buildActionMask = 2147483647;
			files = (
			);
			inputFileListPaths = (
				"${PODS_ROOT}/Target Support Files/Pods-RxFilm-RxFilmUITests/Pods-RxFilm-RxFilmUITests-frameworks-${CONFIGURATION}-input-files.xcfilelist",
			);
			name = "[CP] Embed Pods Frameworks";
			outputFileListPaths = (
				"${PODS_ROOT}/Target Support Files/Pods-RxFilm-RxFilmUITests/Pods-RxFilm-RxFilmUITests-frameworks-${CONFIGURATION}-output-files.xcfilelist",
			);
			runOnlyForDeploymentPostprocessing = 0;
			shellPath = /bin/sh;
			shellScript = "\"${PODS_ROOT}/Target Support Files/Pods-RxFilm-RxFilmUITests/Pods-RxFilm-RxFilmUITests-frameworks.sh\"\n";
			showEnvVarsInLog = 0;
		};
		B29381FFEED195ECD3B8306A /* [CP] Check Pods Manifest.lock */ = {
			isa = PBXShellScriptBuildPhase;
			buildActionMask = 2147483647;
			files = (
			);
			inputFileListPaths = (
			);
			inputPaths = (
				"${PODS_PODFILE_DIR_PATH}/Podfile.lock",
				"${PODS_ROOT}/Manifest.lock",
			);
			name = "[CP] Check Pods Manifest.lock";
			outputFileListPaths = (
			);
			outputPaths = (
				"$(DERIVED_FILE_DIR)/Pods-RxFilm-checkManifestLockResult.txt",
			);
			runOnlyForDeploymentPostprocessing = 0;
			shellPath = /bin/sh;
			shellScript = "diff \"${PODS_PODFILE_DIR_PATH}/Podfile.lock\" \"${PODS_ROOT}/Manifest.lock\" > /dev/null\nif [ $? != 0 ] ; then\n    # print error to STDERR\n    echo \"error: The sandbox is not in sync with the Podfile.lock. Run 'pod install' or update your CocoaPods installation.\" >&2\n    exit 1\nfi\n# This output is used by Xcode 'outputs' to avoid re-running this script phase.\necho \"SUCCESS\" > \"${SCRIPT_OUTPUT_FILE_0}\"\n";
			showEnvVarsInLog = 0;
		};
		B2C56960FF2FC7B709908C6D /* [CP] Check Pods Manifest.lock */ = {
			isa = PBXShellScriptBuildPhase;
			buildActionMask = 2147483647;
			files = (
			);
			inputFileListPaths = (
			);
			inputPaths = (
				"${PODS_PODFILE_DIR_PATH}/Podfile.lock",
				"${PODS_ROOT}/Manifest.lock",
			);
			name = "[CP] Check Pods Manifest.lock";
			outputFileListPaths = (
			);
			outputPaths = (
				"$(DERIVED_FILE_DIR)/Pods-RxFilm-RxFilmUITests-checkManifestLockResult.txt",
			);
			runOnlyForDeploymentPostprocessing = 0;
			shellPath = /bin/sh;
			shellScript = "diff \"${PODS_PODFILE_DIR_PATH}/Podfile.lock\" \"${PODS_ROOT}/Manifest.lock\" > /dev/null\nif [ $? != 0 ] ; then\n    # print error to STDERR\n    echo \"error: The sandbox is not in sync with the Podfile.lock. Run 'pod install' or update your CocoaPods installation.\" >&2\n    exit 1\nfi\n# This output is used by Xcode 'outputs' to avoid re-running this script phase.\necho \"SUCCESS\" > \"${SCRIPT_OUTPUT_FILE_0}\"\n";
			showEnvVarsInLog = 0;
		};
		BABE546BD46755603D6A8ED7 /* [CP] Check Pods Manifest.lock */ = {
			isa = PBXShellScriptBuildPhase;
			buildActionMask = 2147483647;
			files = (
			);
			inputFileListPaths = (
			);
			inputPaths = (
				"${PODS_PODFILE_DIR_PATH}/Podfile.lock",
				"${PODS_ROOT}/Manifest.lock",
			);
			name = "[CP] Check Pods Manifest.lock";
			outputFileListPaths = (
			);
			outputPaths = (
				"$(DERIVED_FILE_DIR)/Pods-RxFilmTests-checkManifestLockResult.txt",
			);
			runOnlyForDeploymentPostprocessing = 0;
			shellPath = /bin/sh;
			shellScript = "diff \"${PODS_PODFILE_DIR_PATH}/Podfile.lock\" \"${PODS_ROOT}/Manifest.lock\" > /dev/null\nif [ $? != 0 ] ; then\n    # print error to STDERR\n    echo \"error: The sandbox is not in sync with the Podfile.lock. Run 'pod install' or update your CocoaPods installation.\" >&2\n    exit 1\nfi\n# This output is used by Xcode 'outputs' to avoid re-running this script phase.\necho \"SUCCESS\" > \"${SCRIPT_OUTPUT_FILE_0}\"\n";
			showEnvVarsInLog = 0;
		};
/* End PBXShellScriptBuildPhase section */

/* Begin PBXSourcesBuildPhase section */
		A5D8AAE72BFE40A8002F007F /* Sources */ = {
			isa = PBXSourcesBuildPhase;
			buildActionMask = 2147483647;
			files = (
				A5A120452C14BCF90045F4C3 /* ChartTableViewCell.swift in Sources */,
				A51831F52C045F8B00974B16 /* DiscoverCollectionViewCell.swift in Sources */,
				A5D8AAEF2BFE40A8002F007F /* AppDelegate.swift in Sources */,
				A5D8AAF12BFE40A8002F007F /* SceneDelegate.swift in Sources */,
				A53477532C27391F000DD81E /* APIService.swift in Sources */,
				A53F86CD2C026502002BBEA5 /* DiscoverViewController.swift in Sources */,
				A53477552C27392A000DD81E /* MovieList.swift in Sources */,
				A5A1203F2C1253830045F4C3 /* MainTabBarController.swift in Sources */,
				A5A120412C1254630045F4C3 /* ChartViewController.swift in Sources */,
				A53477572C273935000DD81E /* MovieFront.swift in Sources */,
				A54C8CFE2C305101005826FD /* APIKey.swift in Sources */,
				A5A120482C14CAF30045F4C3 /* CreditViewController.swift in Sources */,
				A53F86D12C0265A3002BBEA5 /* DiscoverCollectionHeaderView.swift in Sources */,
				A53477712C2A1202000DD81E /* DiscoverViewModel.swift in Sources */,
				A5D8AB212C000EA7002F007F /* Constant.swift in Sources */,
				A534776B2C2A1180000DD81E /* ChartViewModel.swift in Sources */,
			);
			runOnlyForDeploymentPostprocessing = 0;
		};
		A5D8AAFD2BFE40AA002F007F /* Sources */ = {
			isa = PBXSourcesBuildPhase;
			buildActionMask = 2147483647;
			files = (
				A5D8AB062BFE40AA002F007F /* RxFilmTests.swift in Sources */,
			);
			runOnlyForDeploymentPostprocessing = 0;
		};
		A5D8AB072BFE40AA002F007F /* Sources */ = {
			isa = PBXSourcesBuildPhase;
			buildActionMask = 2147483647;
			files = (
				A5D8AB122BFE40AA002F007F /* RxFilmUITestsLaunchTests.swift in Sources */,
				A5D8AB102BFE40AA002F007F /* RxFilmUITests.swift in Sources */,
			);
			runOnlyForDeploymentPostprocessing = 0;
		};
/* End PBXSourcesBuildPhase section */

/* Begin PBXTargetDependency section */
		A5D8AB032BFE40AA002F007F /* PBXTargetDependency */ = {
			isa = PBXTargetDependency;
			target = A5D8AAEA2BFE40A8002F007F /* RxFilm */;
			targetProxy = A5D8AB022BFE40AA002F007F /* PBXContainerItemProxy */;
		};
		A5D8AB0D2BFE40AA002F007F /* PBXTargetDependency */ = {
			isa = PBXTargetDependency;
			target = A5D8AAEA2BFE40A8002F007F /* RxFilm */;
			targetProxy = A5D8AB0C2BFE40AA002F007F /* PBXContainerItemProxy */;
		};
/* End PBXTargetDependency section */

/* Begin PBXVariantGroup section */
		A5D8AAF42BFE40A8002F007F /* Main.storyboard */ = {
			isa = PBXVariantGroup;
			children = (
				A5D8AAF52BFE40A8002F007F /* Base */,
			);
			name = Main.storyboard;
			sourceTree = "<group>";
		};
		A5D8AAF92BFE40AA002F007F /* LaunchScreen.storyboard */ = {
			isa = PBXVariantGroup;
			children = (
				A5D8AAFA2BFE40AA002F007F /* Base */,
			);
			name = LaunchScreen.storyboard;
			sourceTree = "<group>";
		};
/* End PBXVariantGroup section */

/* Begin XCBuildConfiguration section */
		A5D8AB132BFE40AA002F007F /* Debug */ = {
			isa = XCBuildConfiguration;
			buildSettings = {
				ALWAYS_SEARCH_USER_PATHS = NO;
				ASSETCATALOG_COMPILER_GENERATE_SWIFT_ASSET_SYMBOL_EXTENSIONS = YES;
				CLANG_ANALYZER_NONNULL = YES;
				CLANG_ANALYZER_NUMBER_OBJECT_CONVERSION = YES_AGGRESSIVE;
				CLANG_CXX_LANGUAGE_STANDARD = "gnu++20";
				CLANG_ENABLE_MODULES = YES;
				CLANG_ENABLE_OBJC_ARC = YES;
				CLANG_ENABLE_OBJC_WEAK = YES;
				CLANG_WARN_BLOCK_CAPTURE_AUTORELEASING = YES;
				CLANG_WARN_BOOL_CONVERSION = YES;
				CLANG_WARN_COMMA = YES;
				CLANG_WARN_CONSTANT_CONVERSION = YES;
				CLANG_WARN_DEPRECATED_OBJC_IMPLEMENTATIONS = YES;
				CLANG_WARN_DIRECT_OBJC_ISA_USAGE = YES_ERROR;
				CLANG_WARN_DOCUMENTATION_COMMENTS = YES;
				CLANG_WARN_EMPTY_BODY = YES;
				CLANG_WARN_ENUM_CONVERSION = YES;
				CLANG_WARN_INFINITE_RECURSION = YES;
				CLANG_WARN_INT_CONVERSION = YES;
				CLANG_WARN_NON_LITERAL_NULL_CONVERSION = YES;
				CLANG_WARN_OBJC_IMPLICIT_RETAIN_SELF = YES;
				CLANG_WARN_OBJC_LITERAL_CONVERSION = YES;
				CLANG_WARN_OBJC_ROOT_CLASS = YES_ERROR;
				CLANG_WARN_QUOTED_INCLUDE_IN_FRAMEWORK_HEADER = YES;
				CLANG_WARN_RANGE_LOOP_ANALYSIS = YES;
				CLANG_WARN_STRICT_PROTOTYPES = YES;
				CLANG_WARN_SUSPICIOUS_MOVE = YES;
				CLANG_WARN_UNGUARDED_AVAILABILITY = YES_AGGRESSIVE;
				CLANG_WARN_UNREACHABLE_CODE = YES;
				CLANG_WARN__DUPLICATE_METHOD_MATCH = YES;
				COPY_PHASE_STRIP = NO;
				DEBUG_INFORMATION_FORMAT = dwarf;
				ENABLE_STRICT_OBJC_MSGSEND = YES;
				ENABLE_TESTABILITY = YES;
				ENABLE_USER_SCRIPT_SANDBOXING = NO;
				GCC_C_LANGUAGE_STANDARD = gnu17;
				GCC_DYNAMIC_NO_PIC = NO;
				GCC_NO_COMMON_BLOCKS = YES;
				GCC_OPTIMIZATION_LEVEL = 0;
				GCC_PREPROCESSOR_DEFINITIONS = (
					"DEBUG=1",
					"$(inherited)",
				);
				GCC_WARN_64_TO_32_BIT_CONVERSION = YES;
				GCC_WARN_ABOUT_RETURN_TYPE = YES_ERROR;
				GCC_WARN_UNDECLARED_SELECTOR = YES;
				GCC_WARN_UNINITIALIZED_AUTOS = YES_AGGRESSIVE;
				GCC_WARN_UNUSED_FUNCTION = YES;
				GCC_WARN_UNUSED_VARIABLE = YES;
				IPHONEOS_DEPLOYMENT_TARGET = 17.4;
				LOCALIZATION_PREFERS_STRING_CATALOGS = YES;
				MTL_ENABLE_DEBUG_INFO = INCLUDE_SOURCE;
				MTL_FAST_MATH = YES;
				ONLY_ACTIVE_ARCH = YES;
				SDKROOT = iphoneos;
				SWIFT_ACTIVE_COMPILATION_CONDITIONS = "DEBUG $(inherited)";
				SWIFT_OPTIMIZATION_LEVEL = "-Onone";
			};
			name = Debug;
		};
		A5D8AB142BFE40AA002F007F /* Release */ = {
			isa = XCBuildConfiguration;
			buildSettings = {
				ALWAYS_SEARCH_USER_PATHS = NO;
				ASSETCATALOG_COMPILER_GENERATE_SWIFT_ASSET_SYMBOL_EXTENSIONS = YES;
				CLANG_ANALYZER_NONNULL = YES;
				CLANG_ANALYZER_NUMBER_OBJECT_CONVERSION = YES_AGGRESSIVE;
				CLANG_CXX_LANGUAGE_STANDARD = "gnu++20";
				CLANG_ENABLE_MODULES = YES;
				CLANG_ENABLE_OBJC_ARC = YES;
				CLANG_ENABLE_OBJC_WEAK = YES;
				CLANG_WARN_BLOCK_CAPTURE_AUTORELEASING = YES;
				CLANG_WARN_BOOL_CONVERSION = YES;
				CLANG_WARN_COMMA = YES;
				CLANG_WARN_CONSTANT_CONVERSION = YES;
				CLANG_WARN_DEPRECATED_OBJC_IMPLEMENTATIONS = YES;
				CLANG_WARN_DIRECT_OBJC_ISA_USAGE = YES_ERROR;
				CLANG_WARN_DOCUMENTATION_COMMENTS = YES;
				CLANG_WARN_EMPTY_BODY = YES;
				CLANG_WARN_ENUM_CONVERSION = YES;
				CLANG_WARN_INFINITE_RECURSION = YES;
				CLANG_WARN_INT_CONVERSION = YES;
				CLANG_WARN_NON_LITERAL_NULL_CONVERSION = YES;
				CLANG_WARN_OBJC_IMPLICIT_RETAIN_SELF = YES;
				CLANG_WARN_OBJC_LITERAL_CONVERSION = YES;
				CLANG_WARN_OBJC_ROOT_CLASS = YES_ERROR;
				CLANG_WARN_QUOTED_INCLUDE_IN_FRAMEWORK_HEADER = YES;
				CLANG_WARN_RANGE_LOOP_ANALYSIS = YES;
				CLANG_WARN_STRICT_PROTOTYPES = YES;
				CLANG_WARN_SUSPICIOUS_MOVE = YES;
				CLANG_WARN_UNGUARDED_AVAILABILITY = YES_AGGRESSIVE;
				CLANG_WARN_UNREACHABLE_CODE = YES;
				CLANG_WARN__DUPLICATE_METHOD_MATCH = YES;
				COPY_PHASE_STRIP = NO;
				DEBUG_INFORMATION_FORMAT = "dwarf-with-dsym";
				ENABLE_NS_ASSERTIONS = NO;
				ENABLE_STRICT_OBJC_MSGSEND = YES;
				ENABLE_USER_SCRIPT_SANDBOXING = NO;
				GCC_C_LANGUAGE_STANDARD = gnu17;
				GCC_NO_COMMON_BLOCKS = YES;
				GCC_WARN_64_TO_32_BIT_CONVERSION = YES;
				GCC_WARN_ABOUT_RETURN_TYPE = YES_ERROR;
				GCC_WARN_UNDECLARED_SELECTOR = YES;
				GCC_WARN_UNINITIALIZED_AUTOS = YES_AGGRESSIVE;
				GCC_WARN_UNUSED_FUNCTION = YES;
				GCC_WARN_UNUSED_VARIABLE = YES;
				IPHONEOS_DEPLOYMENT_TARGET = 17.4;
				LOCALIZATION_PREFERS_STRING_CATALOGS = YES;
				MTL_ENABLE_DEBUG_INFO = NO;
				MTL_FAST_MATH = YES;
				SDKROOT = iphoneos;
				SWIFT_COMPILATION_MODE = wholemodule;
				VALIDATE_PRODUCT = YES;
			};
			name = Release;
		};
		A5D8AB162BFE40AA002F007F /* Debug */ = {
			isa = XCBuildConfiguration;
			baseConfigurationReference = 3A0A0EBC1B282AE5F8B240B6 /* Pods-RxFilm.debug.xcconfig */;
			buildSettings = {
				ASSETCATALOG_COMPILER_APPICON_NAME = AppIcon;
				ASSETCATALOG_COMPILER_GLOBAL_ACCENT_COLOR_NAME = AccentColor;
				CODE_SIGN_STYLE = Automatic;
				CURRENT_PROJECT_VERSION = 1;
				DEVELOPMENT_TEAM = 6HX5P2M97J;
				ENABLE_USER_SCRIPT_SANDBOXING = NO;
				GENERATE_INFOPLIST_FILE = YES;
				INFOPLIST_FILE = RxFilm/Info.plist;
				INFOPLIST_KEY_UIApplicationSupportsIndirectInputEvents = YES;
				INFOPLIST_KEY_UILaunchStoryboardName = "";
				INFOPLIST_KEY_UIMainStoryboardFile = "";
				INFOPLIST_KEY_UISupportedInterfaceOrientations_iPad = "UIInterfaceOrientationPortrait UIInterfaceOrientationPortraitUpsideDown UIInterfaceOrientationLandscapeLeft UIInterfaceOrientationLandscapeRight";
				INFOPLIST_KEY_UISupportedInterfaceOrientations_iPhone = "UIInterfaceOrientationPortrait UIInterfaceOrientationLandscapeLeft UIInterfaceOrientationLandscapeRight";
				LD_RUNPATH_SEARCH_PATHS = (
					"$(inherited)",
					"@executable_path/Frameworks",
				);
				MARKETING_VERSION = 1.0;
				PRODUCT_BUNDLE_IDENTIFIER = Anilkaramis.RxFilm;
				PRODUCT_NAME = "$(TARGET_NAME)";
				SWIFT_EMIT_LOC_STRINGS = YES;
				SWIFT_VERSION = 5.0;
				TARGETED_DEVICE_FAMILY = "1,2";
			};
			name = Debug;
		};
		A5D8AB172BFE40AA002F007F /* Release */ = {
			isa = XCBuildConfiguration;
			baseConfigurationReference = C87C46DA89BF1EF10BCB34F9 /* Pods-RxFilm.release.xcconfig */;
			buildSettings = {
				ASSETCATALOG_COMPILER_APPICON_NAME = AppIcon;
				ASSETCATALOG_COMPILER_GLOBAL_ACCENT_COLOR_NAME = AccentColor;
				CODE_SIGN_STYLE = Automatic;
				CURRENT_PROJECT_VERSION = 1;
				DEVELOPMENT_TEAM = 6HX5P2M97J;
				ENABLE_USER_SCRIPT_SANDBOXING = NO;
				GENERATE_INFOPLIST_FILE = YES;
				INFOPLIST_FILE = RxFilm/Info.plist;
				INFOPLIST_KEY_UIApplicationSupportsIndirectInputEvents = YES;
				INFOPLIST_KEY_UILaunchStoryboardName = "";
				INFOPLIST_KEY_UIMainStoryboardFile = "";
				INFOPLIST_KEY_UISupportedInterfaceOrientations_iPad = "UIInterfaceOrientationPortrait UIInterfaceOrientationPortraitUpsideDown UIInterfaceOrientationLandscapeLeft UIInterfaceOrientationLandscapeRight";
				INFOPLIST_KEY_UISupportedInterfaceOrientations_iPhone = "UIInterfaceOrientationPortrait UIInterfaceOrientationLandscapeLeft UIInterfaceOrientationLandscapeRight";
				LD_RUNPATH_SEARCH_PATHS = (
					"$(inherited)",
					"@executable_path/Frameworks",
				);
				MARKETING_VERSION = 1.0;
				PRODUCT_BUNDLE_IDENTIFIER = Anilkaramis.RxFilm;
				PRODUCT_NAME = "$(TARGET_NAME)";
				SWIFT_EMIT_LOC_STRINGS = YES;
				SWIFT_VERSION = 5.0;
				TARGETED_DEVICE_FAMILY = "1,2";
			};
			name = Release;
		};
		A5D8AB192BFE40AA002F007F /* Debug */ = {
			isa = XCBuildConfiguration;
			baseConfigurationReference = BFF1487802DAFB0E68B0A5DC /* Pods-RxFilmTests.debug.xcconfig */;
			buildSettings = {
				ALWAYS_EMBED_SWIFT_STANDARD_LIBRARIES = YES;
				BUNDLE_LOADER = "$(TEST_HOST)";
				CODE_SIGN_STYLE = Automatic;
				CURRENT_PROJECT_VERSION = 1;
				DEVELOPMENT_TEAM = 6HX5P2M97J;
				GENERATE_INFOPLIST_FILE = YES;
				IPHONEOS_DEPLOYMENT_TARGET = 17.4;
				MARKETING_VERSION = 1.0;
				PRODUCT_BUNDLE_IDENTIFIER = Anilkaramis.RxFilmTests;
				PRODUCT_NAME = "$(TARGET_NAME)";
				SWIFT_EMIT_LOC_STRINGS = NO;
				SWIFT_VERSION = 5.0;
				TARGETED_DEVICE_FAMILY = "1,2";
				TEST_HOST = "$(BUILT_PRODUCTS_DIR)/RxFilm.app/$(BUNDLE_EXECUTABLE_FOLDER_PATH)/RxFilm";
			};
			name = Debug;
		};
		A5D8AB1A2BFE40AA002F007F /* Release */ = {
			isa = XCBuildConfiguration;
			baseConfigurationReference = FE25EB45A8A120DB535343DC /* Pods-RxFilmTests.release.xcconfig */;
			buildSettings = {
				ALWAYS_EMBED_SWIFT_STANDARD_LIBRARIES = YES;
				BUNDLE_LOADER = "$(TEST_HOST)";
				CODE_SIGN_STYLE = Automatic;
				CURRENT_PROJECT_VERSION = 1;
				DEVELOPMENT_TEAM = 6HX5P2M97J;
				GENERATE_INFOPLIST_FILE = YES;
				IPHONEOS_DEPLOYMENT_TARGET = 17.4;
				MARKETING_VERSION = 1.0;
				PRODUCT_BUNDLE_IDENTIFIER = Anilkaramis.RxFilmTests;
				PRODUCT_NAME = "$(TARGET_NAME)";
				SWIFT_EMIT_LOC_STRINGS = NO;
				SWIFT_VERSION = 5.0;
				TARGETED_DEVICE_FAMILY = "1,2";
				TEST_HOST = "$(BUILT_PRODUCTS_DIR)/RxFilm.app/$(BUNDLE_EXECUTABLE_FOLDER_PATH)/RxFilm";
			};
			name = Release;
		};
		A5D8AB1C2BFE40AA002F007F /* Debug */ = {
			isa = XCBuildConfiguration;
			baseConfigurationReference = ECE8F0C3DFA0C9ABD3328535 /* Pods-RxFilm-RxFilmUITests.debug.xcconfig */;
			buildSettings = {
				ALWAYS_EMBED_SWIFT_STANDARD_LIBRARIES = YES;
				CODE_SIGN_STYLE = Automatic;
				CURRENT_PROJECT_VERSION = 1;
				DEVELOPMENT_TEAM = 6HX5P2M97J;
				GENERATE_INFOPLIST_FILE = YES;
				MARKETING_VERSION = 1.0;
				PRODUCT_BUNDLE_IDENTIFIER = Anilkaramis.RxFilmUITests;
				PRODUCT_NAME = "$(TARGET_NAME)";
				SWIFT_EMIT_LOC_STRINGS = NO;
				SWIFT_VERSION = 5.0;
				TARGETED_DEVICE_FAMILY = "1,2";
				TEST_TARGET_NAME = RxFilm;
			};
			name = Debug;
		};
		A5D8AB1D2BFE40AA002F007F /* Release */ = {
			isa = XCBuildConfiguration;
			baseConfigurationReference = CD80A3957909D81DA63BD1BC /* Pods-RxFilm-RxFilmUITests.release.xcconfig */;
			buildSettings = {
				ALWAYS_EMBED_SWIFT_STANDARD_LIBRARIES = YES;
				CODE_SIGN_STYLE = Automatic;
				CURRENT_PROJECT_VERSION = 1;
				DEVELOPMENT_TEAM = 6HX5P2M97J;
				GENERATE_INFOPLIST_FILE = YES;
				MARKETING_VERSION = 1.0;
				PRODUCT_BUNDLE_IDENTIFIER = Anilkaramis.RxFilmUITests;
				PRODUCT_NAME = "$(TARGET_NAME)";
				SWIFT_EMIT_LOC_STRINGS = NO;
				SWIFT_VERSION = 5.0;
				TARGETED_DEVICE_FAMILY = "1,2";
				TEST_TARGET_NAME = RxFilm;
			};
			name = Release;
		};
/* End XCBuildConfiguration section */

/* Begin XCConfigurationList section */
		A5D8AAE62BFE40A8002F007F /* Build configuration list for PBXProject "RxFilm" */ = {
			isa = XCConfigurationList;
			buildConfigurations = (
				A5D8AB132BFE40AA002F007F /* Debug */,
				A5D8AB142BFE40AA002F007F /* Release */,
			);
			defaultConfigurationIsVisible = 0;
			defaultConfigurationName = Release;
		};
		A5D8AB152BFE40AA002F007F /* Build configuration list for PBXNativeTarget "RxFilm" */ = {
			isa = XCConfigurationList;
			buildConfigurations = (
				A5D8AB162BFE40AA002F007F /* Debug */,
				A5D8AB172BFE40AA002F007F /* Release */,
			);
			defaultConfigurationIsVisible = 0;
			defaultConfigurationName = Release;
		};
		A5D8AB182BFE40AA002F007F /* Build configuration list for PBXNativeTarget "RxFilmTests" */ = {
			isa = XCConfigurationList;
			buildConfigurations = (
				A5D8AB192BFE40AA002F007F /* Debug */,
				A5D8AB1A2BFE40AA002F007F /* Release */,
			);
			defaultConfigurationIsVisible = 0;
			defaultConfigurationName = Release;
		};
		A5D8AB1B2BFE40AA002F007F /* Build configuration list for PBXNativeTarget "RxFilmUITests" */ = {
			isa = XCConfigurationList;
			buildConfigurations = (
				A5D8AB1C2BFE40AA002F007F /* Debug */,
				A5D8AB1D2BFE40AA002F007F /* Release */,
			);
			defaultConfigurationIsVisible = 0;
			defaultConfigurationName = Release;
		};
/* End XCConfigurationList section */
	};
	rootObject = A5D8AAE32BFE40A8002F007F /* Project object */;
}
